
Microsoft Visual Studio Solution File, Format Version 12.00
# Visual Studio Version 17
VisualStudioVersion = 17.4.33213.308
MinimumVisualStudioVersion = 10.0.40219.1
Project("{FAE04EC0-301F-11D3-BF4B-00C04F79EFBC}") = "ORM", "ORM\ORM.csproj", "{7F704E44-3DE5-4E45-A28C-4FD06208D173}"
EndProject
Global
	GlobalSection(SolutionConfigurationPlatforms) = preSolution
		Debug|Any CPU = Debug|Any CPU
		Release|Any CPU = Release|Any CPU
	EndGlobalSection
	GlobalSection(ProjectConfigurationPlatforms) = postSolution
		{7F704E44-3DE5-4E45-A28C-4FD06208D173}.Debug|Any CPU.ActiveCfg = Debug|Any CPU
		{7F704E44-3DE5-4E45-A28C-4FD06208D173}.Debug|Any CPU.Build.0 = Debug|Any CPU
		{7F704E44-3DE5-4E45-A28C-4FD06208D173}.Release|Any CPU.ActiveCfg = Release|Any CPU
		{7F704E44-3DE5-4E45-A28C-4FD06208D173}.Release|Any CPU.Build.0 = Release|Any CPU
	EndGlobalSection
	GlobalSection(SolutionProperties) = preSolution
		HideSolutionNode = FALSE
	EndGlobalSection
	GlobalSection(ExtensibilityGlobals) = postSolution
		SolutionGuid = {84D788E2-385F-4582-803E-2782554A4B08}
	EndGlobalSection
EndGlobal
